
Microsoft Visual Studio Solution File, Format Version 12.00
# Visual Studio Version 17
VisualStudioVersion = 17.0.32112.339
MinimumVisualStudioVersion = 10.0.40219.1
Project("{FAE04EC0-301F-11D3-BF4B-00C04F79EFBC}") = "Calculatorr", "Calculatorr\Calculatorr.csproj", "{6C875A7A-9964-4A37-AD1A-C7CDE22E8218}"
EndProject
Global
	GlobalSection(SolutionConfigurationPlatforms) = preSolution
		Debug|Any CPU = Debug|Any CPU
		Release|Any CPU = Release|Any CPU
	EndGlobalSection
	GlobalSection(ProjectConfigurationPlatforms) = postSolution
		{6C875A7A-9964-4A37-AD1A-C7CDE22E8218}.Debug|Any CPU.ActiveCfg = Debug|Any CPU
		{6C875A7A-9964-4A37-AD1A-C7CDE22E8218}.Debug|Any CPU.Build.0 = Debug|Any CPU
		{6C875A7A-9964-4A37-AD1A-C7CDE22E8218}.Release|Any CPU.ActiveCfg = Release|Any CPU
		{6C875A7A-9964-4A37-AD1A-C7CDE22E8218}.Release|Any CPU.Build.0 = Release|Any CPU
	EndGlobalSection
	GlobalSection(SolutionProperties) = preSolution
		HideSolutionNode = FALSE
	EndGlobalSection
	GlobalSection(ExtensibilityGlobals) = postSolution
		SolutionGuid = {4E9B809E-7803-40E1-8002-77B6D2DBBBD6}
	EndGlobalSection
EndGlobal
